
Microsoft Visual Studio Solution File, Format Version 12.00
# Visual Studio Version 17
VisualStudioVersion = 17.9.34622.214
MinimumVisualStudioVersion = 10.0.40219.1
Project("{888888A0-9F3D-457C-B088-3A5042F75D52}") = "Project_3", "Project_3\Project_3.pyproj", "{F233C6ED-8954-4B9B-B0AB-55170B0F832F}"
EndProject
Global
	GlobalSection(SolutionConfigurationPlatforms) = preSolution
		Debug|Any CPU = Debug|Any CPU
		Release|Any CPU = Release|Any CPU
	EndGlobalSection
	GlobalSection(ProjectConfigurationPlatforms) = postSolution
		{F233C6ED-8954-4B9B-B0AB-55170B0F832F}.Debug|Any CPU.ActiveCfg = Debug|Any CPU
		{F233C6ED-8954-4B9B-B0AB-55170B0F832F}.Release|Any CPU.ActiveCfg = Release|Any CPU
	EndGlobalSection
	GlobalSection(SolutionProperties) = preSolution
		HideSolutionNode = FALSE
	EndGlobalSection
	GlobalSection(ExtensibilityGlobals) = postSolution
		SolutionGuid = {123E8066-3E1F-4BC1-A928-6E01F7A1EAB3}
	EndGlobalSection
EndGlobal
